
Microsoft Visual Studio Solution File, Format Version 12.00
# Visual Studio Version 17
VisualStudioVersion = 17.5.33516.290
MinimumVisualStudioVersion = 10.0.40219.1
Project("{FAE04EC0-301F-11D3-BF4B-00C04F79EFBC}") = "SACchatGPT", "SACchatGPT.csproj", "{BBBCBCDC-0873-4C21-8DEA-C8F63F2CAECD}"
EndProject
Global
	GlobalSection(SolutionConfigurationPlatforms) = preSolution
		Debug|Any CPU = Debug|Any CPU
		Release|Any CPU = Release|Any CPU
	EndGlobalSection
	GlobalSection(ProjectConfigurationPlatforms) = postSolution
		{BBBCBCDC-0873-4C21-8DEA-C8F63F2CAECD}.Debug|Any CPU.ActiveCfg = Debug|Any CPU
		{BBBCBCDC-0873-4C21-8DEA-C8F63F2CAECD}.Debug|Any CPU.Build.0 = Debug|Any CPU
		{BBBCBCDC-0873-4C21-8DEA-C8F63F2CAECD}.Release|Any CPU.ActiveCfg = Release|Any CPU
		{BBBCBCDC-0873-4C21-8DEA-C8F63F2CAECD}.Release|Any CPU.Build.0 = Release|Any CPU
	EndGlobalSection
	GlobalSection(SolutionProperties) = preSolution
		HideSolutionNode = FALSE
	EndGlobalSection
	GlobalSection(ExtensibilityGlobals) = postSolution
		SolutionGuid = {F35251A7-C670-4640-94B9-3AFAF3D7A2C5}
	EndGlobalSection
EndGlobal
